
Microsoft Visual Studio Solution File, Format Version 12.00
# Visual Studio Version 17
VisualStudioVersion = 17.10.35013.160
MinimumVisualStudioVersion = 10.0.40219.1
Project("{FAE04EC0-301F-11D3-BF4B-00C04F79EFBC}") = "Numbers", "Numbers.csproj", "{665CFEEF-4734-4747-BC03-0FE685685E8A}"
EndProject
Global
	GlobalSection(SolutionConfigurationPlatforms) = preSolution
		Debug|Any CPU = Debug|Any CPU
		Release|Any CPU = Release|Any CPU
	EndGlobalSection
	GlobalSection(ProjectConfigurationPlatforms) = postSolution
		{665CFEEF-4734-4747-BC03-0FE685685E8A}.Debug|Any CPU.ActiveCfg = Debug|Any CPU
		{665CFEEF-4734-4747-BC03-0FE685685E8A}.Debug|Any CPU.Build.0 = Debug|Any CPU
		{665CFEEF-4734-4747-BC03-0FE685685E8A}.Release|Any CPU.ActiveCfg = Release|Any CPU
		{665CFEEF-4734-4747-BC03-0FE685685E8A}.Release|Any CPU.Build.0 = Release|Any CPU
	EndGlobalSection
	GlobalSection(SolutionProperties) = preSolution
		HideSolutionNode = FALSE
	EndGlobalSection
	GlobalSection(ExtensibilityGlobals) = postSolution
		SolutionGuid = {843C11F1-590C-4456-BB77-441CCB704B48}
	EndGlobalSection
EndGlobal
